
Microsoft Visual Studio Solution File, Format Version 12.00
# Visual Studio 15
VisualStudioVersion = 15.0.28307.852
MinimumVisualStudioVersion = 10.0.40219.1
Project("{FAE04EC0-301F-11D3-BF4B-00C04F79EFBC}") = "UD2 Actividad 1", "UD2 Actividad 1\UD2 Actividad 1.csproj", "{648B66FC-02F7-4F5E-9CAD-06061EED783C}"
EndProject
Global
	GlobalSection(SolutionConfigurationPlatforms) = preSolution
		Debug|Any CPU = Debug|Any CPU
		Release|Any CPU = Release|Any CPU
	EndGlobalSection
	GlobalSection(ProjectConfigurationPlatforms) = postSolution
		{648B66FC-02F7-4F5E-9CAD-06061EED783C}.Debug|Any CPU.ActiveCfg = Debug|Any CPU
		{648B66FC-02F7-4F5E-9CAD-06061EED783C}.Debug|Any CPU.Build.0 = Debug|Any CPU
		{648B66FC-02F7-4F5E-9CAD-06061EED783C}.Release|Any CPU.ActiveCfg = Release|Any CPU
		{648B66FC-02F7-4F5E-9CAD-06061EED783C}.Release|Any CPU.Build.0 = Release|Any CPU
	EndGlobalSection
	GlobalSection(SolutionProperties) = preSolution
		HideSolutionNode = FALSE
	EndGlobalSection
	GlobalSection(ExtensibilityGlobals) = postSolution
		SolutionGuid = {443ED457-6D01-4313-84E3-A4FCDEDE7188}
	EndGlobalSection
EndGlobal
